
Microsoft Visual Studio Solution File, Format Version 12.00
# Visual Studio Version 17
VisualStudioVersion = 17.9.34622.214
MinimumVisualStudioVersion = 10.0.40219.1
Project("{FAE04EC0-301F-11D3-BF4B-00C04F79EFBC}") = "CineEase2", "CineEase2\CineEase2.csproj", "{9AF07C47-69F0-4B7C-B17F-5009869215FF}"
EndProject
Global
	GlobalSection(SolutionConfigurationPlatforms) = preSolution
		Debug|Any CPU = Debug|Any CPU
		Release|Any CPU = Release|Any CPU
	EndGlobalSection
	GlobalSection(ProjectConfigurationPlatforms) = postSolution
		{9AF07C47-69F0-4B7C-B17F-5009869215FF}.Debug|Any CPU.ActiveCfg = Debug|Any CPU
		{9AF07C47-69F0-4B7C-B17F-5009869215FF}.Debug|Any CPU.Build.0 = Debug|Any CPU
		{9AF07C47-69F0-4B7C-B17F-5009869215FF}.Release|Any CPU.ActiveCfg = Release|Any CPU
		{9AF07C47-69F0-4B7C-B17F-5009869215FF}.Release|Any CPU.Build.0 = Release|Any CPU
	EndGlobalSection
	GlobalSection(SolutionProperties) = preSolution
		HideSolutionNode = FALSE
	EndGlobalSection
	GlobalSection(ExtensibilityGlobals) = postSolution
		SolutionGuid = {A741FB17-2624-4DEB-9357-5706E699477A}
	EndGlobalSection
EndGlobal
